
Microsoft Visual Studio Solution File, Format Version 12.00
# Visual Studio Version 17
VisualStudioVersion = 17.10.35122.118
MinimumVisualStudioVersion = 10.0.40219.1
Project("{FAE04EC0-301F-11D3-BF4B-00C04F79EFBC}") = "ControlEscolar", "ControlEscolar\ControlEscolar.csproj", "{342FC890-D22C-434A-B6F6-6F612B18A29E}"
EndProject
Global
	GlobalSection(SolutionConfigurationPlatforms) = preSolution
		Debug|Any CPU = Debug|Any CPU
		Release|Any CPU = Release|Any CPU
	EndGlobalSection
	GlobalSection(ProjectConfigurationPlatforms) = postSolution
		{342FC890-D22C-434A-B6F6-6F612B18A29E}.Debug|Any CPU.ActiveCfg = Debug|Any CPU
		{342FC890-D22C-434A-B6F6-6F612B18A29E}.Debug|Any CPU.Build.0 = Debug|Any CPU
		{342FC890-D22C-434A-B6F6-6F612B18A29E}.Release|Any CPU.ActiveCfg = Release|Any CPU
		{342FC890-D22C-434A-B6F6-6F612B18A29E}.Release|Any CPU.Build.0 = Release|Any CPU
	EndGlobalSection
	GlobalSection(SolutionProperties) = preSolution
		HideSolutionNode = FALSE
	EndGlobalSection
	GlobalSection(ExtensibilityGlobals) = postSolution
		SolutionGuid = {40B31AC3-A1ED-455E-B4E5-9AD52E3897F1}
	EndGlobalSection
EndGlobal
